
Microsoft Visual Studio Solution File, Format Version 12.00
# Visual Studio 2012
Project("{FAE04EC0-301F-11D3-BF4B-00C04F79EFBC}") = "ConsoleApplication1", "ConsoleApplication1\ConsoleApplication1.csproj", "{C216C8A3-A1CD-429E-9899-2CAF8B2550B0}"
EndProject
Global
	GlobalSection(SolutionConfigurationPlatforms) = preSolution
		Debug|Any CPU = Debug|Any CPU
		Release|Any CPU = Release|Any CPU
	EndGlobalSection
	GlobalSection(ProjectConfigurationPlatforms) = postSolution
		{C216C8A3-A1CD-429E-9899-2CAF8B2550B0}.Debug|Any CPU.ActiveCfg = Debug|Any CPU
		{C216C8A3-A1CD-429E-9899-2CAF8B2550B0}.Debug|Any CPU.Build.0 = Debug|Any CPU
		{C216C8A3-A1CD-429E-9899-2CAF8B2550B0}.Release|Any CPU.ActiveCfg = Release|Any CPU
		{C216C8A3-A1CD-429E-9899-2CAF8B2550B0}.Release|Any CPU.Build.0 = Release|Any CPU
	EndGlobalSection
	GlobalSection(SolutionProperties) = preSolution
		HideSolutionNode = FALSE
	EndGlobalSection
EndGlobal
